
Microsoft Visual Studio Solution File, Format Version 12.00
# Visual Studio Version 16
VisualStudioVersion = 16.0.31624.102
MinimumVisualStudioVersion = 10.0.40219.1
Project("{00D1A9C2-B5F0-4AF3-8072-F6C62B433612}") = "Database", "Database.sqlproj", "{EBCDAD15-8F94-48AF-A43D-874A74223B4D}"
EndProject
Global
	GlobalSection(SolutionConfigurationPlatforms) = preSolution
		Debug|Any CPU = Debug|Any CPU
		Release|Any CPU = Release|Any CPU
	EndGlobalSection
	GlobalSection(ProjectConfigurationPlatforms) = postSolution
		{EBCDAD15-8F94-48AF-A43D-874A74223B4D}.Debug|Any CPU.ActiveCfg = Debug|Any CPU
		{EBCDAD15-8F94-48AF-A43D-874A74223B4D}.Debug|Any CPU.Build.0 = Debug|Any CPU
		{EBCDAD15-8F94-48AF-A43D-874A74223B4D}.Debug|Any CPU.Deploy.0 = Debug|Any CPU
		{EBCDAD15-8F94-48AF-A43D-874A74223B4D}.Release|Any CPU.ActiveCfg = Release|Any CPU
		{EBCDAD15-8F94-48AF-A43D-874A74223B4D}.Release|Any CPU.Build.0 = Release|Any CPU
		{EBCDAD15-8F94-48AF-A43D-874A74223B4D}.Release|Any CPU.Deploy.0 = Release|Any CPU
	EndGlobalSection
	GlobalSection(SolutionProperties) = preSolution
		HideSolutionNode = FALSE
	EndGlobalSection
	GlobalSection(ExtensibilityGlobals) = postSolution
		SolutionGuid = {61BC5C3F-6BDD-4B93-9DF4-28EE211A8085}
	EndGlobalSection
EndGlobal
